<?xml version="1.0" encoding="UTF-8" standalone="yes" ?>
<CodeBlocks_project_file>
	<FileVersion major="1" minor="6" />
	<Project>
		<Option title="Proyecto_Casta" />
		<Option pch_mode="2" />
		<Option compiler="gcc" />
		<Build>
			<Target title="Debug">
				<Option output="bin/Debug/Proyecto_Casta" prefix_auto="1" extension_auto="1" />
				<Option object_output="obj/Debug/" />
				<Option type="1" />
				<Option compiler="gcc" />
				<Compiler>
					<Add option="-Winit-self" />
					<Add option="-pedantic-errors" />
					<Add option="-Wall" />
					<Add option="-std=c++14" />
					<Add option="-g" />
					<Add directory="Clases/MotorJuego" />
					<Add directory="SDL2/include" />
					<Add directory="Clases/RenderizadoVentana" />
					<Add directory="SDL2/Imagen/include" />
					<Add directory="Clases/Entidad" />
					<Add directory="Clases/Calculos" />
				</Compiler>
				<Linker>
					<Add option="-lmingw32 -lSDL2main  -lSDL2 -lSDL2_image" />
					<Add directory="SDL2/lib" />
					<Add directory="SDL2/Imagen/lib" />
				</Linker>
			</Target>
			<Target title="Release">
				<Option output="bin/Release/Proyecto_Casta" prefix_auto="1" extension_auto="1" />
				<Option object_output="obj/Release/" />
				<Option type="1" />
				<Option compiler="gcc" />
				<Compiler>
					<Add option="-O2" />
					<Add directory="Clases/MotorJuego" />
					<Add directory="Clases/RenderizadoVentana" />
					<Add directory="Clases/Entidad" />
					<Add directory="Clases/Calculos" />
				</Compiler>
				<Linker>
					<Add option="-s" />
				</Linker>
			</Target>
		</Build>
		<Compiler>
			<Add option="-Wall" />
			<Add option="-std=c++14" />
			<Add option="-fexceptions" />
			<Add directory="SDL2/include/SDL2" />
			<Add directory="SDL2/Imagen/include/SDL2" />
		</Compiler>
		<Linker>
			<Add option="-lmingw32 -lSDL2main  -lSDL2 -lSDL2_image" />
			<Add directory="SDL2/lib" />
			<Add directory="SDL2/Imagen/lib" />
		</Linker>
		<Unit filename="Clases/Calculos/Calculos.cpp" />
		<Unit filename="Clases/Calculos/Calculos.h" />
		<Unit filename="Clases/Entidad/Entidad.cpp" />
		<Unit filename="Clases/Entidad/Entidad.h" />
		<Unit filename="Clases/MotorJuego/Game.cpp" />
		<Unit filename="Clases/MotorJuego/Game.h" />
		<Unit filename="Clases/Personaje/personaje.cpp" />
		<Unit filename="Clases/Personaje/personaje.h" />
		<Unit filename="Clases/RenderizadoVentana/RendererWindow.cpp" />
		<Unit filename="Clases/RenderizadoVentana/RendererWindow.h" />
		<Unit filename="main.cpp" />
		<Extensions>
			<lib_finder disable_auto="1" />
		</Extensions>
	</Project>
</CodeBlocks_project_file>
